
Microsoft Visual Studio Solution File, Format Version 12.00
Project("{FAE04EC0-301F-11D3-BF4B-00C04F79EFBC}") = "Presentation", "Presentation\Presentation.csproj", "{9CBAEB42-80AF-4142-9EC9-1886C23CAE98}"
EndProject
Project("{FAE04EC0-301F-11D3-BF4B-00C04F79EFBC}") = "Domain", "Domain\Domain.csproj", "{5A559F47-FEEC-480F-80C1-46C3D7EDC955}"
EndProject
Project("{FAE04EC0-301F-11D3-BF4B-00C04F79EFBC}") = "Infrastructure", "Infrastructure\Infrastructure.csproj", "{AD956EF2-A70A-4105-9C93-427E262EECD8}"
EndProject
Project("{FAE04EC0-301F-11D3-BF4B-00C04F79EFBC}") = "Application", "Application\Application.csproj", "{5D22C0A1-3362-4AF3-B6F8-8A1F3317D0E2}"
EndProject
Global
	GlobalSection(SolutionConfigurationPlatforms) = preSolution
		Debug|Any CPU = Debug|Any CPU
		Release|Any CPU = Release|Any CPU
	EndGlobalSection
	GlobalSection(ProjectConfigurationPlatforms) = postSolution
		{9CBAEB42-80AF-4142-9EC9-1886C23CAE98}.Debug|Any CPU.ActiveCfg = Debug|Any CPU
		{9CBAEB42-80AF-4142-9EC9-1886C23CAE98}.Debug|Any CPU.Build.0 = Debug|Any CPU
		{9CBAEB42-80AF-4142-9EC9-1886C23CAE98}.Release|Any CPU.ActiveCfg = Release|Any CPU
		{9CBAEB42-80AF-4142-9EC9-1886C23CAE98}.Release|Any CPU.Build.0 = Release|Any CPU
		{5A559F47-FEEC-480F-80C1-46C3D7EDC955}.Debug|Any CPU.ActiveCfg = Debug|Any CPU
		{5A559F47-FEEC-480F-80C1-46C3D7EDC955}.Debug|Any CPU.Build.0 = Debug|Any CPU
		{5A559F47-FEEC-480F-80C1-46C3D7EDC955}.Release|Any CPU.ActiveCfg = Release|Any CPU
		{5A559F47-FEEC-480F-80C1-46C3D7EDC955}.Release|Any CPU.Build.0 = Release|Any CPU
		{AD956EF2-A70A-4105-9C93-427E262EECD8}.Debug|Any CPU.ActiveCfg = Debug|Any CPU
		{AD956EF2-A70A-4105-9C93-427E262EECD8}.Debug|Any CPU.Build.0 = Debug|Any CPU
		{AD956EF2-A70A-4105-9C93-427E262EECD8}.Release|Any CPU.ActiveCfg = Release|Any CPU
		{AD956EF2-A70A-4105-9C93-427E262EECD8}.Release|Any CPU.Build.0 = Release|Any CPU
		{5D22C0A1-3362-4AF3-B6F8-8A1F3317D0E2}.Debug|Any CPU.ActiveCfg = Debug|Any CPU
		{5D22C0A1-3362-4AF3-B6F8-8A1F3317D0E2}.Debug|Any CPU.Build.0 = Debug|Any CPU
		{5D22C0A1-3362-4AF3-B6F8-8A1F3317D0E2}.Release|Any CPU.ActiveCfg = Release|Any CPU
		{5D22C0A1-3362-4AF3-B6F8-8A1F3317D0E2}.Release|Any CPU.Build.0 = Release|Any CPU
	EndGlobalSection
EndGlobal
